
Microsoft Visual Studio Solution File, Format Version 12.00
# Visual Studio Version 16
VisualStudioVersion = 16.0.31515.178
MinimumVisualStudioVersion = 10.0.40219.1
Project("{9A19103F-16F7-4668-BE54-9A1E7A4F7556}") = "MotoBest.Scraper", "MotoBest.Scraper\MotoBest.Scraper.csproj", "{50E7B07A-8F4D-466C-8650-184C4073CE5D}"
EndProject
Project("{9A19103F-16F7-4668-BE54-9A1E7A4F7556}") = "MotoBest.Sandbox", "MotoBest.Sandbox\MotoBest.Sandbox.csproj", "{E2D44E4B-ACC4-4BDF-AC5D-1FDBC50F6F16}"
EndProject
Project("{FAE04EC0-301F-11D3-BF4B-00C04F79EFBC}") = "MotoBest.Models", "MotoBest.Models\MotoBest.Models.csproj", "{F323E82E-7712-4FC6-8463-4632B09FA173}"
EndProject
Project("{FAE04EC0-301F-11D3-BF4B-00C04F79EFBC}") = "MotoBest.Data", "MotoBest.Data\MotoBest.Data.csproj", "{5FFB4297-2222-4A32-9532-F7F0159CF342}"
EndProject
Project("{2150E333-8FDC-42A3-9474-1A3956D46DE8}") = "Tests", "Tests", "{E45EF094-7E3F-43BE-96D8-D64367990E35}"
EndProject
Project("{FAE04EC0-301F-11D3-BF4B-00C04F79EFBC}") = "MotoBest.Scraper.Tests", "MotoBest.Scraper.Tests\MotoBest.Scraper.Tests.csproj", "{59C75655-95B5-4C2B-AE6F-105D0FD4D609}"
EndProject
Global
	GlobalSection(SolutionConfigurationPlatforms) = preSolution
		Debug|Any CPU = Debug|Any CPU
		Release|Any CPU = Release|Any CPU
	EndGlobalSection
	GlobalSection(ProjectConfigurationPlatforms) = postSolution
		{50E7B07A-8F4D-466C-8650-184C4073CE5D}.Debug|Any CPU.ActiveCfg = Debug|Any CPU
		{50E7B07A-8F4D-466C-8650-184C4073CE5D}.Debug|Any CPU.Build.0 = Debug|Any CPU
		{50E7B07A-8F4D-466C-8650-184C4073CE5D}.Release|Any CPU.ActiveCfg = Release|Any CPU
		{50E7B07A-8F4D-466C-8650-184C4073CE5D}.Release|Any CPU.Build.0 = Release|Any CPU
		{E2D44E4B-ACC4-4BDF-AC5D-1FDBC50F6F16}.Debug|Any CPU.ActiveCfg = Debug|Any CPU
		{E2D44E4B-ACC4-4BDF-AC5D-1FDBC50F6F16}.Debug|Any CPU.Build.0 = Debug|Any CPU
		{E2D44E4B-ACC4-4BDF-AC5D-1FDBC50F6F16}.Release|Any CPU.ActiveCfg = Release|Any CPU
		{E2D44E4B-ACC4-4BDF-AC5D-1FDBC50F6F16}.Release|Any CPU.Build.0 = Release|Any CPU
		{F323E82E-7712-4FC6-8463-4632B09FA173}.Debug|Any CPU.ActiveCfg = Debug|Any CPU
		{F323E82E-7712-4FC6-8463-4632B09FA173}.Debug|Any CPU.Build.0 = Debug|Any CPU
		{F323E82E-7712-4FC6-8463-4632B09FA173}.Release|Any CPU.ActiveCfg = Release|Any CPU
		{F323E82E-7712-4FC6-8463-4632B09FA173}.Release|Any CPU.Build.0 = Release|Any CPU
		{5FFB4297-2222-4A32-9532-F7F0159CF342}.Debug|Any CPU.ActiveCfg = Debug|Any CPU
		{5FFB4297-2222-4A32-9532-F7F0159CF342}.Debug|Any CPU.Build.0 = Debug|Any CPU
		{5FFB4297-2222-4A32-9532-F7F0159CF342}.Release|Any CPU.ActiveCfg = Release|Any CPU
		{5FFB4297-2222-4A32-9532-F7F0159CF342}.Release|Any CPU.Build.0 = Release|Any CPU
		{59C75655-95B5-4C2B-AE6F-105D0FD4D609}.Debug|Any CPU.ActiveCfg = Debug|Any CPU
		{59C75655-95B5-4C2B-AE6F-105D0FD4D609}.Debug|Any CPU.Build.0 = Debug|Any CPU
		{59C75655-95B5-4C2B-AE6F-105D0FD4D609}.Release|Any CPU.ActiveCfg = Release|Any CPU
		{59C75655-95B5-4C2B-AE6F-105D0FD4D609}.Release|Any CPU.Build.0 = Release|Any CPU
	EndGlobalSection
	GlobalSection(SolutionProperties) = preSolution
		HideSolutionNode = FALSE
	EndGlobalSection
	GlobalSection(NestedProjects) = preSolution
		{59C75655-95B5-4C2B-AE6F-105D0FD4D609} = {E45EF094-7E3F-43BE-96D8-D64367990E35}
	EndGlobalSection
	GlobalSection(ExtensibilityGlobals) = postSolution
		SolutionGuid = {9DFDD4CB-6C79-4AD6-ADAB-641478CDBC2A}
	EndGlobalSection
EndGlobal
