
Microsoft Visual Studio Solution File, Format Version 12.00
# Visual Studio Version 16
VisualStudioVersion = 16.0.31515.178
MinimumVisualStudioVersion = 10.0.40219.1
Project("{9A19103F-16F7-4668-BE54-9A1E7A4F7556}") = "MotoBest.Sandbox", "MotoBest.Sandbox\MotoBest.Sandbox.csproj", "{E2D44E4B-ACC4-4BDF-AC5D-1FDBC50F6F16}"
EndProject
Project("{2150E333-8FDC-42A3-9474-1A3956D46DE8}") = "Data", "Data", "{BCD174BC-99A5-4787-B4D0-F099270F5B64}"
EndProject
Project("{9A19103F-16F7-4668-BE54-9A1E7A4F7556}") = "MotoBest.Data", "Data\MotoBest.Data\MotoBest.Data.csproj", "{ABBFDB27-9090-4221-911A-C38DBD3EF551}"
EndProject
Project("{9A19103F-16F7-4668-BE54-9A1E7A4F7556}") = "MotoBest.Data.Models", "Data\MotoBest.Data.Models\MotoBest.Data.Models.csproj", "{0EB601B7-E55F-4D58-90A9-5F5434543A73}"
EndProject
Project("{9A19103F-16F7-4668-BE54-9A1E7A4F7556}") = "MotoBest.Data.Scraping", "Data\MotoBest.Data.Scraping\MotoBest.Data.Scraping.csproj", "{9FA34223-568F-4DFA-8902-CEBFFC79E96D}"
EndProject
Project("{9A19103F-16F7-4668-BE54-9A1E7A4F7556}") = "MotoBest.Services", "Services\MotoBest.Services\MotoBest.Services.csproj", "{9D3355B5-2A20-4EC7-9FD2-E54C6818B838}"
EndProject
Project("{9A19103F-16F7-4668-BE54-9A1E7A4F7556}") = "MotoBest.Common", "MotoBest.Common\MotoBest.Common.csproj", "{E5CB9095-6EF3-4F3E-82C1-725DF947283A}"
EndProject
Project("{9A19103F-16F7-4668-BE54-9A1E7A4F7556}") = "MotoBest.Data.Seeding", "Data\MotoBest.Data.Seeding\MotoBest.Data.Seeding.csproj", "{4E268B60-D5A7-41AD-A050-03DF2558829D}"
EndProject
Project("{2150E333-8FDC-42A3-9474-1A3956D46DE8}") = "Web", "Web", "{5307622A-F436-4DB5-A18F-F37A5A6C2866}"
EndProject
Project("{9A19103F-16F7-4668-BE54-9A1E7A4F7556}") = "MotoBest.Web", "Web\MotoBest.Web\MotoBest.Web.csproj", "{32BA7813-613F-4990-8CA3-C84E2F657A4D}"
EndProject
Project("{9A19103F-16F7-4668-BE54-9A1E7A4F7556}") = "MotoBest.Web.ViewModels", "Web\MotoBest.Web.ViewModels\MotoBest.Web.ViewModels.csproj", "{B444684E-42CE-4E86-910C-38F83786319C}"
EndProject
Project("{9A19103F-16F7-4668-BE54-9A1E7A4F7556}") = "MotoBest.Web.InputModels", "Web\MotoBest.Web.InputModels\MotoBest.Web.InputModels.csproj", "{1BE96FE9-5ECF-4A7B-8C2E-B4022DAE2687}"
EndProject
Project("{9A19103F-16F7-4668-BE54-9A1E7A4F7556}") = "MotoBest.Web.CombinedModels", "Web\MotoBest.Web.CombinedModels\MotoBest.Web.CombinedModels.csproj", "{F6EC8AF5-8AE4-4F6F-842D-B9242B3ACA1D}"
EndProject
Project("{2150E333-8FDC-42A3-9474-1A3956D46DE8}") = "Services", "Services", "{313616F3-DE4C-48F1-8574-2D7DAA2400B8}"
EndProject
Project("{9A19103F-16F7-4668-BE54-9A1E7A4F7556}") = "MotoBest.Services.DTOs", "Services\MotoBest.Services.DTOs\MotoBest.Services.DTOs.csproj", "{C33F9FDB-539D-437A-A976-A9B6E406547C}"
EndProject
Global
	GlobalSection(SolutionConfigurationPlatforms) = preSolution
		Debug|Any CPU = Debug|Any CPU
		Release|Any CPU = Release|Any CPU
	EndGlobalSection
	GlobalSection(ProjectConfigurationPlatforms) = postSolution
		{E2D44E4B-ACC4-4BDF-AC5D-1FDBC50F6F16}.Debug|Any CPU.ActiveCfg = Debug|Any CPU
		{E2D44E4B-ACC4-4BDF-AC5D-1FDBC50F6F16}.Debug|Any CPU.Build.0 = Debug|Any CPU
		{E2D44E4B-ACC4-4BDF-AC5D-1FDBC50F6F16}.Release|Any CPU.ActiveCfg = Release|Any CPU
		{E2D44E4B-ACC4-4BDF-AC5D-1FDBC50F6F16}.Release|Any CPU.Build.0 = Release|Any CPU
		{ABBFDB27-9090-4221-911A-C38DBD3EF551}.Debug|Any CPU.ActiveCfg = Debug|Any CPU
		{ABBFDB27-9090-4221-911A-C38DBD3EF551}.Debug|Any CPU.Build.0 = Debug|Any CPU
		{ABBFDB27-9090-4221-911A-C38DBD3EF551}.Release|Any CPU.ActiveCfg = Release|Any CPU
		{ABBFDB27-9090-4221-911A-C38DBD3EF551}.Release|Any CPU.Build.0 = Release|Any CPU
		{0EB601B7-E55F-4D58-90A9-5F5434543A73}.Debug|Any CPU.ActiveCfg = Debug|Any CPU
		{0EB601B7-E55F-4D58-90A9-5F5434543A73}.Debug|Any CPU.Build.0 = Debug|Any CPU
		{0EB601B7-E55F-4D58-90A9-5F5434543A73}.Release|Any CPU.ActiveCfg = Release|Any CPU
		{0EB601B7-E55F-4D58-90A9-5F5434543A73}.Release|Any CPU.Build.0 = Release|Any CPU
		{9FA34223-568F-4DFA-8902-CEBFFC79E96D}.Debug|Any CPU.ActiveCfg = Debug|Any CPU
		{9FA34223-568F-4DFA-8902-CEBFFC79E96D}.Debug|Any CPU.Build.0 = Debug|Any CPU
		{9FA34223-568F-4DFA-8902-CEBFFC79E96D}.Release|Any CPU.ActiveCfg = Release|Any CPU
		{9FA34223-568F-4DFA-8902-CEBFFC79E96D}.Release|Any CPU.Build.0 = Release|Any CPU
		{9D3355B5-2A20-4EC7-9FD2-E54C6818B838}.Debug|Any CPU.ActiveCfg = Debug|Any CPU
		{9D3355B5-2A20-4EC7-9FD2-E54C6818B838}.Debug|Any CPU.Build.0 = Debug|Any CPU
		{9D3355B5-2A20-4EC7-9FD2-E54C6818B838}.Release|Any CPU.ActiveCfg = Release|Any CPU
		{9D3355B5-2A20-4EC7-9FD2-E54C6818B838}.Release|Any CPU.Build.0 = Release|Any CPU
		{E5CB9095-6EF3-4F3E-82C1-725DF947283A}.Debug|Any CPU.ActiveCfg = Debug|Any CPU
		{E5CB9095-6EF3-4F3E-82C1-725DF947283A}.Debug|Any CPU.Build.0 = Debug|Any CPU
		{E5CB9095-6EF3-4F3E-82C1-725DF947283A}.Release|Any CPU.ActiveCfg = Release|Any CPU
		{E5CB9095-6EF3-4F3E-82C1-725DF947283A}.Release|Any CPU.Build.0 = Release|Any CPU
		{4E268B60-D5A7-41AD-A050-03DF2558829D}.Debug|Any CPU.ActiveCfg = Debug|Any CPU
		{4E268B60-D5A7-41AD-A050-03DF2558829D}.Debug|Any CPU.Build.0 = Debug|Any CPU
		{4E268B60-D5A7-41AD-A050-03DF2558829D}.Release|Any CPU.ActiveCfg = Release|Any CPU
		{4E268B60-D5A7-41AD-A050-03DF2558829D}.Release|Any CPU.Build.0 = Release|Any CPU
		{32BA7813-613F-4990-8CA3-C84E2F657A4D}.Debug|Any CPU.ActiveCfg = Debug|Any CPU
		{32BA7813-613F-4990-8CA3-C84E2F657A4D}.Debug|Any CPU.Build.0 = Debug|Any CPU
		{32BA7813-613F-4990-8CA3-C84E2F657A4D}.Release|Any CPU.ActiveCfg = Release|Any CPU
		{32BA7813-613F-4990-8CA3-C84E2F657A4D}.Release|Any CPU.Build.0 = Release|Any CPU
		{B444684E-42CE-4E86-910C-38F83786319C}.Debug|Any CPU.ActiveCfg = Debug|Any CPU
		{B444684E-42CE-4E86-910C-38F83786319C}.Debug|Any CPU.Build.0 = Debug|Any CPU
		{B444684E-42CE-4E86-910C-38F83786319C}.Release|Any CPU.ActiveCfg = Release|Any CPU
		{B444684E-42CE-4E86-910C-38F83786319C}.Release|Any CPU.Build.0 = Release|Any CPU
		{1BE96FE9-5ECF-4A7B-8C2E-B4022DAE2687}.Debug|Any CPU.ActiveCfg = Debug|Any CPU
		{1BE96FE9-5ECF-4A7B-8C2E-B4022DAE2687}.Debug|Any CPU.Build.0 = Debug|Any CPU
		{1BE96FE9-5ECF-4A7B-8C2E-B4022DAE2687}.Release|Any CPU.ActiveCfg = Release|Any CPU
		{1BE96FE9-5ECF-4A7B-8C2E-B4022DAE2687}.Release|Any CPU.Build.0 = Release|Any CPU
		{F6EC8AF5-8AE4-4F6F-842D-B9242B3ACA1D}.Debug|Any CPU.ActiveCfg = Debug|Any CPU
		{F6EC8AF5-8AE4-4F6F-842D-B9242B3ACA1D}.Debug|Any CPU.Build.0 = Debug|Any CPU
		{F6EC8AF5-8AE4-4F6F-842D-B9242B3ACA1D}.Release|Any CPU.ActiveCfg = Release|Any CPU
		{F6EC8AF5-8AE4-4F6F-842D-B9242B3ACA1D}.Release|Any CPU.Build.0 = Release|Any CPU
		{C33F9FDB-539D-437A-A976-A9B6E406547C}.Debug|Any CPU.ActiveCfg = Debug|Any CPU
		{C33F9FDB-539D-437A-A976-A9B6E406547C}.Debug|Any CPU.Build.0 = Debug|Any CPU
		{C33F9FDB-539D-437A-A976-A9B6E406547C}.Release|Any CPU.ActiveCfg = Release|Any CPU
		{C33F9FDB-539D-437A-A976-A9B6E406547C}.Release|Any CPU.Build.0 = Release|Any CPU
	EndGlobalSection
	GlobalSection(SolutionProperties) = preSolution
		HideSolutionNode = FALSE
	EndGlobalSection
	GlobalSection(NestedProjects) = preSolution
		{ABBFDB27-9090-4221-911A-C38DBD3EF551} = {BCD174BC-99A5-4787-B4D0-F099270F5B64}
		{0EB601B7-E55F-4D58-90A9-5F5434543A73} = {BCD174BC-99A5-4787-B4D0-F099270F5B64}
		{9FA34223-568F-4DFA-8902-CEBFFC79E96D} = {BCD174BC-99A5-4787-B4D0-F099270F5B64}
		{9D3355B5-2A20-4EC7-9FD2-E54C6818B838} = {313616F3-DE4C-48F1-8574-2D7DAA2400B8}
		{4E268B60-D5A7-41AD-A050-03DF2558829D} = {BCD174BC-99A5-4787-B4D0-F099270F5B64}
		{32BA7813-613F-4990-8CA3-C84E2F657A4D} = {5307622A-F436-4DB5-A18F-F37A5A6C2866}
		{B444684E-42CE-4E86-910C-38F83786319C} = {5307622A-F436-4DB5-A18F-F37A5A6C2866}
		{1BE96FE9-5ECF-4A7B-8C2E-B4022DAE2687} = {5307622A-F436-4DB5-A18F-F37A5A6C2866}
		{F6EC8AF5-8AE4-4F6F-842D-B9242B3ACA1D} = {5307622A-F436-4DB5-A18F-F37A5A6C2866}
		{C33F9FDB-539D-437A-A976-A9B6E406547C} = {313616F3-DE4C-48F1-8574-2D7DAA2400B8}
	EndGlobalSection
	GlobalSection(ExtensibilityGlobals) = postSolution
		SolutionGuid = {9DFDD4CB-6C79-4AD6-ADAB-641478CDBC2A}
	EndGlobalSection
EndGlobal
